
Microsoft Visual Studio Solution File, Format Version 12.00
# Visual Studio Version 17
VisualStudioVersion = 17.5.33627.172
MinimumVisualStudioVersion = 10.0.40219.1
Project("{FAE04EC0-301F-11D3-BF4B-00C04F79EFBC}") = "Assignment_PRN_Team", "Assignment_PRN_Team\Assignment_PRN_Team.csproj", "{1746A38B-BF44-481E-A045-4C0CB8C90968}"
EndProject
Global
	GlobalSection(SolutionConfigurationPlatforms) = preSolution
		Debug|Any CPU = Debug|Any CPU
		Release|Any CPU = Release|Any CPU
	EndGlobalSection
	GlobalSection(ProjectConfigurationPlatforms) = postSolution
		{1746A38B-BF44-481E-A045-4C0CB8C90968}.Debug|Any CPU.ActiveCfg = Debug|Any CPU
		{1746A38B-BF44-481E-A045-4C0CB8C90968}.Debug|Any CPU.Build.0 = Debug|Any CPU
		{1746A38B-BF44-481E-A045-4C0CB8C90968}.Release|Any CPU.ActiveCfg = Release|Any CPU
		{1746A38B-BF44-481E-A045-4C0CB8C90968}.Release|Any CPU.Build.0 = Release|Any CPU
	EndGlobalSection
	GlobalSection(SolutionProperties) = preSolution
		HideSolutionNode = FALSE
	EndGlobalSection
	GlobalSection(ExtensibilityGlobals) = postSolution
		SolutionGuid = {DB69EBB5-B251-43C4-9614-337AF51FFA87}
	EndGlobalSection
EndGlobal
